
Microsoft Visual Studio Solution File, Format Version 12.00
# Visual Studio 15
VisualStudioVersion = 15.0.33026.149
MinimumVisualStudioVersion = 10.0.40219.1
Project("{FAE04EC0-301F-11D3-BF4B-00C04F79EFBC}") = "ch16_3_2", "ch16_3_2\ch16_3_2.csproj", "{39FDED93-DD78-42D8-9229-64C97E9E7A44}"
EndProject
Global
	GlobalSection(SolutionConfigurationPlatforms) = preSolution
		Debug|Any CPU = Debug|Any CPU
		Release|Any CPU = Release|Any CPU
	EndGlobalSection
	GlobalSection(ProjectConfigurationPlatforms) = postSolution
		{39FDED93-DD78-42D8-9229-64C97E9E7A44}.Debug|Any CPU.ActiveCfg = Debug|Any CPU
		{39FDED93-DD78-42D8-9229-64C97E9E7A44}.Debug|Any CPU.Build.0 = Debug|Any CPU
		{39FDED93-DD78-42D8-9229-64C97E9E7A44}.Release|Any CPU.ActiveCfg = Release|Any CPU
		{39FDED93-DD78-42D8-9229-64C97E9E7A44}.Release|Any CPU.Build.0 = Release|Any CPU
	EndGlobalSection
	GlobalSection(SolutionProperties) = preSolution
		HideSolutionNode = FALSE
	EndGlobalSection
	GlobalSection(ExtensibilityGlobals) = postSolution
		SolutionGuid = {6C94FF6A-9CE7-44B7-BF77-7FACD4646D50}
	EndGlobalSection
EndGlobal
